hash: fac2ac89ca0051b37021abdbd85f2f40ee5e4c00099e4b5f7b8a615b9a9378c9
updated: 2017-10-06T23:44:56.966988519+02:00
imports:
- name: github.com/hpcloud/tail
  version: 37f4271387456dd1bf82ab1ad9229f060cc45386
  subpackages:
  - ratelimiter
  - util
  - watch
  - winfile
- name: github.com/influxdata/tail
  version: a30252cb686a21eb2d0b98132633053ec2f7f1e5
- name: github.com/vjeantet/grok
  version: ce01e59abcf6fbc9833b7deb5e4b8ee1769bcc53
- name: gopkg.in/fsnotify.v1
  version: 7be54206639f256967dd82fa767397ba5f8f48f5
- name: gopkg.in/mcuadros/go-syslog.v2
  version: 9cf13b7327c0e153da3cba3540c2ae2b879c3859
  subpackages:
  - format
  - internal/syslogparser
  - internal/syslogparser/rfc3164
  - internal/syslogparser/rfc5424
- name: gopkg.in/tomb.v1
  version: c131134a1947e9afd9cecfe11f4c6dff0732ae58
- name: gopkg.in/yaml.v2
  version: eb3733d160e74a9c7e442f435eb3bea458e1d19f
testImports:
- name: gopkg.in/check.v1
  version: 20d25e2804050c1cd24a7eea1e7a6447dd0e74ec
